uuid: d69297a7-3934-443d-90fe-5d851cc14365
langcode: da
status: true
dependencies:
  module:
    - social_post
    - system
  theme:
    - socialbase
_core:
  default_config_hash: jM4rDaxSleva7mQiyaRj-ESpAcur9wzSXDfeXdGbOjk
id: postongroupblock
theme: socialbase
region: hidden
weight: -9
provider: null
plugin: post_group_block
settings:
  id: post_group_block
  label: 'Post on group block'
  label_display: '0'
  provider: social_post
visibility:
  request_path:
    id: request_path
    negate: false
    context_mapping: {  }
    pages: '/group/*/stream'
